
Microsoft Visual Studio Solution File, Format Version 12.00
# Visual Studio 15
VisualStudioVersion = 15.0.27130.0
MinimumVisualStudioVersion = 10.0.40219.1
Project("{FAE04EC0-301F-11D3-BF4B-00C04F79EFBC}") = "VendingMachine", "VendingMachine\VendingMachine.csproj", "{ED7370CE-FD82-474F-8D18-9D905D979394}"
EndProject
Project("{FAE04EC0-301F-11D3-BF4B-00C04F79EFBC}") = "AnimalSimpleProject", "AnimalSimpleProject\AnimalSimpleProject\AnimalSimpleProject.csproj", "{1F318ECE-7087-4C4A-9294-1A4446F2A00F}"
EndProject
Global
	GlobalSection(SolutionConfigurationPlatforms) = preSolution
		Debug|Any CPU = Debug|Any CPU
		Release|Any CPU = Release|Any CPU
	EndGlobalSection
	GlobalSection(ProjectConfigurationPlatforms) = postSolution
		{ED7370CE-FD82-474F-8D18-9D905D979394}.Debug|Any CPU.ActiveCfg = Debug|Any CPU
		{ED7370CE-FD82-474F-8D18-9D905D979394}.Debug|Any CPU.Build.0 = Debug|Any CPU
		{ED7370CE-FD82-474F-8D18-9D905D979394}.Release|Any CPU.ActiveCfg = Release|Any CPU
		{ED7370CE-FD82-474F-8D18-9D905D979394}.Release|Any CPU.Build.0 = Release|Any CPU
		{1F318ECE-7087-4C4A-9294-1A4446F2A00F}.Debug|Any CPU.ActiveCfg = Debug|Any CPU
		{1F318ECE-7087-4C4A-9294-1A4446F2A00F}.Debug|Any CPU.Build.0 = Debug|Any CPU
		{1F318ECE-7087-4C4A-9294-1A4446F2A00F}.Release|Any CPU.ActiveCfg = Release|Any CPU
		{1F318ECE-7087-4C4A-9294-1A4446F2A00F}.Release|Any CPU.Build.0 = Release|Any CPU
	EndGlobalSection
	GlobalSection(SolutionProperties) = preSolution
		HideSolutionNode = FALSE
	EndGlobalSection
	GlobalSection(ExtensibilityGlobals) = postSolution
		SolutionGuid = {DA6B4398-433F-439C-B891-7A211ADD5FBD}
	EndGlobalSection
EndGlobal
