
Microsoft Visual Studio Solution File, Format Version 12.00
# Visual Studio 15
VisualStudioVersion = 15.0.27004.2010
MinimumVisualStudioVersion = 10.0.40219.1
Project("{FAE04EC0-301F-11D3-BF4B-00C04F79EFBC}") = "Animals", "Animals\Animals.csproj", "{22B191BC-CDA3-40BA-A86C-D44B03F24EA3}"
EndProject
Project("{FAE04EC0-301F-11D3-BF4B-00C04F79EFBC}") = "VendingMachine", "VendingMachine\VendingMachine.csproj", "{A1542C45-B634-4121-A314-4D0DC384E550}"
EndProject
Global
	GlobalSection(SolutionConfigurationPlatforms) = preSolution
		Debug|Any CPU = Debug|Any CPU
		Release|Any CPU = Release|Any CPU
	EndGlobalSection
	GlobalSection(ProjectConfigurationPlatforms) = postSolution
		{22B191BC-CDA3-40BA-A86C-D44B03F24EA3}.Debug|Any CPU.ActiveCfg = Debug|Any CPU
		{22B191BC-CDA3-40BA-A86C-D44B03F24EA3}.Debug|Any CPU.Build.0 = Debug|Any CPU
		{22B191BC-CDA3-40BA-A86C-D44B03F24EA3}.Release|Any CPU.ActiveCfg = Release|Any CPU
		{22B191BC-CDA3-40BA-A86C-D44B03F24EA3}.Release|Any CPU.Build.0 = Release|Any CPU
		{A1542C45-B634-4121-A314-4D0DC384E550}.Debug|Any CPU.ActiveCfg = Debug|Any CPU
		{A1542C45-B634-4121-A314-4D0DC384E550}.Debug|Any CPU.Build.0 = Debug|Any CPU
		{A1542C45-B634-4121-A314-4D0DC384E550}.Release|Any CPU.ActiveCfg = Release|Any CPU
		{A1542C45-B634-4121-A314-4D0DC384E550}.Release|Any CPU.Build.0 = Release|Any CPU
	EndGlobalSection
	GlobalSection(SolutionProperties) = preSolution
		HideSolutionNode = FALSE
	EndGlobalSection
	GlobalSection(ExtensibilityGlobals) = postSolution
		SolutionGuid = {DEE038AD-2332-462C-9CDD-DC1A24CF56E2}
	EndGlobalSection
EndGlobal
